
Microsoft Visual Studio Solution File, Format Version 12.00
# Visual Studio Version 16
VisualStudioVersion = 16.0.30621.155
MinimumVisualStudioVersion = 10.0.40219.1
Project("{FAE04EC0-301F-11D3-BF4B-00C04F79EFBC}") = "SEMT", "SEMT\SEMT.csproj", "{BEA466F5-B5C6-41DA-9374-4E4C9A80BF73}"
EndProject
Global
	GlobalSection(SolutionConfigurationPlatforms) = preSolution
		Debug|Any CPU = Debug|Any CPU
		Release|Any CPU = Release|Any CPU
	EndGlobalSection
	GlobalSection(ProjectConfigurationPlatforms) = postSolution
		{BEA466F5-B5C6-41DA-9374-4E4C9A80BF73}.Debug|Any CPU.ActiveCfg = Debug|Any CPU
		{BEA466F5-B5C6-41DA-9374-4E4C9A80BF73}.Debug|Any CPU.Build.0 = Debug|Any CPU
		{BEA466F5-B5C6-41DA-9374-4E4C9A80BF73}.Release|Any CPU.ActiveCfg = Release|Any CPU
		{BEA466F5-B5C6-41DA-9374-4E4C9A80BF73}.Release|Any CPU.Build.0 = Release|Any CPU
	EndGlobalSection
	GlobalSection(SolutionProperties) = preSolution
		HideSolutionNode = FALSE
	EndGlobalSection
	GlobalSection(ExtensibilityGlobals) = postSolution
		SolutionGuid = {4B4115D2-1A4B-4521-9F36-1899E6455570}
	EndGlobalSection
EndGlobal
